// !$*UTF8*$!
{
	archiveVersion = 1;
	classes = {
	};
	objectVersion = 55;
	objects = {

/* Begin PBXBuildFile section */
		0D68739A288B27A60026C410 /* PlaceDetailView.swift in Sources */ = {isa = PBXBuildFile; fileRef = 0D687399288B27A60026C410 /* PlaceDetailView.swift */; };
		0D68739C288B352A0026C410 /* PlaceDetailsViewModel.swift in Sources */ = {isa = PBXBuildFile; fileRef = 0D68739B288B352A0026C410 /* PlaceDetailsViewModel.swift */; };
		0D68739E288B3A000026C410 /* FoursquareDetailResponse.swift in Sources */ = {isa = PBXBuildFile; fileRef = 0D68739D288B3A000026C410 /* FoursquareDetailResponse.swift */; };
		0D6873A0288B46A00026C410 /* PlaceDetail.swift in Sources */ = {isa = PBXBuildFile; fileRef = 0D68739F288B46A00026C410 /* PlaceDetail.swift */; };
		0DCC0925288C659C00789103 /* FoursquaredSessionProtocol.swift in Sources */ = {isa = PBXBuildFile; fileRef = 0DCC0924288C659C00789103 /* FoursquaredSessionProtocol.swift */; };
		0DCC0935288C6B7300789103 /* FoursquarePlacesService.swift in Sources */ = {isa = PBXBuildFile; fileRef = 0DF1812328874ED500A0F5D8 /* FoursquarePlacesService.swift */; };
		0DCC0938288C6D3400789103 /* PlaceDetailsViewModelTests.swift in Sources */ = {isa = PBXBuildFile; fileRef = 0DCC0937288C6D3400789103 /* PlaceDetailsViewModelTests.swift */; };
		0DCC0939288C6D5D00789103 /* PlaceDetailsViewModel.swift in Sources */ = {isa = PBXBuildFile; fileRef = 0D68739B288B352A0026C410 /* PlaceDetailsViewModel.swift */; };
		0DCC093A288C6D7400789103 /* Place.swift in Sources */ = {isa = PBXBuildFile; fileRef = 0DF1811E2887442400A0F5D8 /* Place.swift */; };
		0DCC093B288C6DBF00789103 /* PlacesService.swift in Sources */ = {isa = PBXBuildFile; fileRef = 0DF18118288743D000A0F5D8 /* PlacesService.swift */; };
		0DCC093C288C6F2100789103 /* PlaceDetail.swift in Sources */ = {isa = PBXBuildFile; fileRef = 0D68739F288B46A00026C410 /* PlaceDetail.swift */; };
		0DCC093D288C6F9500789103 /* FoursquaredSessionProtocol.swift in Sources */ = {isa = PBXBuildFile; fileRef = 0DCC0924288C659C00789103 /* FoursquaredSessionProtocol.swift */; };
		0DCC093E288C6F9C00789103 /* UIColor+hexString.swift in Sources */ = {isa = PBXBuildFile; fileRef = 0DCDD47E288C52AC00A06684 /* UIColor+hexString.swift */; };
		0DCC093F288C6F9F00789103 /* Constants.swift in Sources */ = {isa = PBXBuildFile; fileRef = 0DCDD47B288C4A9F00A06684 /* Constants.swift */; };
		0DCC0943288C6FAA00789103 /* FoursquareSearchResponse.swift in Sources */ = {isa = PBXBuildFile; fileRef = 0DF1812128874E9F00A0F5D8 /* FoursquareSearchResponse.swift */; };
		0DCC0944288C6FAE00789103 /* FoursquareDetailResponse.swift in Sources */ = {isa = PBXBuildFile; fileRef = 0D68739D288B3A000026C410 /* FoursquareDetailResponse.swift */; };
		0DCC0945288C6FB400789103 /* PlacesListViewModel.swift in Sources */ = {isa = PBXBuildFile; fileRef = 0DF1811A288743D000A0F5D8 /* PlacesListViewModel.swift */; };
		0DCDD47C288C4A9F00A06684 /* Constants.swift in Sources */ = {isa = PBXBuildFile; fileRef = 0DCDD47B288C4A9F00A06684 /* Constants.swift */; };
		0DCDD47F288C52AC00A06684 /* UIColor+hexString.swift in Sources */ = {isa = PBXBuildFile; fileRef = 0DCDD47E288C52AC00A06684 /* UIColor+hexString.swift */; };
		0DECECDB288D6BE400443FB8 /* GeneratedMocks.swift in Sources */ = {isa = PBXBuildFile; fileRef = 0DECECDA288D6BE400443FB8 /* GeneratedMocks.swift */; };
		0DECECDE288D6D5D00443FB8 /* FoursquarePlacesServiceTests.swift in Sources */ = {isa = PBXBuildFile; fileRef = 0DECECDD288D6D5C00443FB8 /* FoursquarePlacesServiceTests.swift */; };
		0DF1810428873F6900A0F5D8 /* FoursquaredApp.swift in Sources */ = {isa = PBXBuildFile; fileRef = 0DF1810328873F6900A0F5D8 /* FoursquaredApp.swift */; };
		0DF1810628873F6900A0F5D8 /* PlacesListView.swift in Sources */ = {isa = PBXBuildFile; fileRef = 0DF1810528873F6900A0F5D8 /* PlacesListView.swift */; };
		0DF1810828873F6A00A0F5D8 /* Assets.xcassets in Resources */ = {isa = PBXBuildFile; fileRef = 0DF1810728873F6A00A0F5D8 /* Assets.xcassets */; };
		0DF1810B28873F6A00A0F5D8 /* Preview Assets.xcassets in Resources */ = {isa = PBXBuildFile; fileRef = 0DF1810A28873F6A00A0F5D8 /* Preview Assets.xcassets */; };
		0DF1811B288743D000A0F5D8 /* PlacesService.swift in Sources */ = {isa = PBXBuildFile; fileRef = 0DF18118288743D000A0F5D8 /* PlacesService.swift */; };
		0DF1811C288743D000A0F5D8 /* PlacesListViewModel.swift in Sources */ = {isa = PBXBuildFile; fileRef = 0DF1811A288743D000A0F5D8 /* PlacesListViewModel.swift */; };
		0DF1811F2887442400A0F5D8 /* Place.swift in Sources */ = {isa = PBXBuildFile; fileRef = 0DF1811E2887442400A0F5D8 /* Place.swift */; };
		0DF1812228874E9F00A0F5D8 /* FoursquareSearchResponse.swift in Sources */ = {isa = PBXBuildFile; fileRef = 0DF1812128874E9F00A0F5D8 /* FoursquareSearchResponse.swift */; };
		0DF1812428874ED500A0F5D8 /* FoursquarePlacesService.swift in Sources */ = {isa = PBXBuildFile; fileRef = 0DF1812328874ED500A0F5D8 /* FoursquarePlacesService.swift */; };
		0DF181272887E8AA00A0F5D8 /* PlaceListItemView.swift in Sources */ = {isa = PBXBuildFile; fileRef = 0DF181262887E8AA00A0F5D8 /* PlaceListItemView.swift */; };
		2215FB5D790E5C96D9FDA310 /* Pods_Foursquared.framework in Frameworks */ = {isa = PBXBuildFile; fileRef = 94368030C0E6B425A8DEB342 /* Pods_Foursquared.framework */; };
		2DF1BFDE6E722542AE004BD1 /* Pods_FoursquaredTests.framework in Frameworks */ = {isa = PBXBuildFile; fileRef = 017AC502F070E13A7498B3ED /* Pods_FoursquaredTests.framework */; };
/* End PBXBuildFile section */

/* Begin PBXContainerItemProxy section */
		0DCC092E288C6AA900789103 /* PBXContainerItemProxy */ = {
			isa = PBXContainerItemProxy;
			containerPortal = 0DF180F828873F6800A0F5D8 /* Project object */;
			proxyType = 1;
			remoteGlobalIDString = 0DF180FF28873F6800A0F5D8;
			remoteInfo = Foursquared;
		};
/* End PBXContainerItemProxy section */

/* Begin PBXFileReference section */
		017AC502F070E13A7498B3ED /* Pods_FoursquaredTests.framework */ = {isa = PBXFileReference; explicitFileType = wrapper.framework; includeInIndex = 0; path = Pods_FoursquaredTests.framework; sourceTree = BUILT_PRODUCTS_DIR; };
		0D687399288B27A60026C410 /* PlaceDetailView.swift */ = {isa = PBXFileReference; lastKnownFileType = sourcecode.swift; path = PlaceDetailView.swift; sourceTree = "<group>"; };
		0D68739B288B352A0026C410 /* PlaceDetailsViewModel.swift */ = {isa = PBXFileReference; lastKnownFileType = sourcecode.swift; path = PlaceDetailsViewModel.swift; sourceTree = "<group>"; };
		0D68739D288B3A000026C410 /* FoursquareDetailResponse.swift */ = {isa = PBXFileReference; lastKnownFileType = sourcecode.swift; path = FoursquareDetailResponse.swift; sourceTree = "<group>"; };
		0D68739F288B46A00026C410 /* PlaceDetail.swift */ = {isa = PBXFileReference; lastKnownFileType = sourcecode.swift; path = PlaceDetail.swift; sourceTree = "<group>"; };
		0DCC0924288C659C00789103 /* FoursquaredSessionProtocol.swift */ = {isa = PBXFileReference; lastKnownFileType = sourcecode.swift; path = FoursquaredSessionProtocol.swift; sourceTree = "<group>"; };
		0DCC092A288C6AA900789103 /* FoursquaredTests.xctest */ = {isa = PBXFileReference; explicitFileType = wrapper.cfbundle; includeInIndex = 0; path = FoursquaredTests.xctest; sourceTree = BUILT_PRODUCTS_DIR; };
		0DCC0937288C6D3400789103 /* PlaceDetailsViewModelTests.swift */ = {isa = PBXFileReference; lastKnownFileType = sourcecode.swift; path = PlaceDetailsViewModelTests.swift; sourceTree = "<group>"; };
		0DCDD47B288C4A9F00A06684 /* Constants.swift */ = {isa = PBXFileReference; lastKnownFileType = sourcecode.swift; path = Constants.swift; sourceTree = "<group>"; };
		0DCDD47E288C52AC00A06684 /* UIColor+hexString.swift */ = {isa = PBXFileReference; lastKnownFileType = sourcecode.swift; path = "UIColor+hexString.swift"; sourceTree = "<group>"; };
		0DECECDA288D6BE400443FB8 /* GeneratedMocks.swift */ = {isa = PBXFileReference; fileEncoding = 4; lastKnownFileType = sourcecode.swift; path = GeneratedMocks.swift; sourceTree = "<group>"; };
		0DECECDD288D6D5C00443FB8 /* FoursquarePlacesServiceTests.swift */ = {isa = PBXFileReference; lastKnownFileType = sourcecode.swift; path = FoursquarePlacesServiceTests.swift; sourceTree = "<group>"; };
		0DF1810028873F6900A0F5D8 /* Foursquared.app */ = {isa = PBXFileReference; explicitFileType = wrapper.application; includeInIndex = 0; path = Foursquared.app; sourceTree = BUILT_PRODUCTS_DIR; };
		0DF1810328873F6900A0F5D8 /* FoursquaredApp.swift */ = {isa = PBXFileReference; lastKnownFileType = sourcecode.swift; path = FoursquaredApp.swift; sourceTree = "<group>"; };
		0DF1810528873F6900A0F5D8 /* PlacesListView.swift */ = {isa = PBXFileReference; lastKnownFileType = sourcecode.swift; path = PlacesListView.swift; sourceTree = "<group>"; };
		0DF1810728873F6A00A0F5D8 /* Assets.xcassets */ = {isa = PBXFileReference; lastKnownFileType = folder.assetcatalog; path = Assets.xcassets; sourceTree = "<group>"; };
		0DF1810A28873F6A00A0F5D8 /* Preview Assets.xcassets */ = {isa = PBXFileReference; lastKnownFileType = folder.assetcatalog; path = "Preview Assets.xcassets"; sourceTree = "<group>"; };
		0DF18118288743D000A0F5D8 /* PlacesService.swift */ = {isa = PBXFileReference; fileEncoding = 4; lastKnownFileType = sourcecode.swift; path = PlacesService.swift; sourceTree = "<group>"; };
		0DF1811A288743D000A0F5D8 /* PlacesListViewModel.swift */ = {isa = PBXFileReference; fileEncoding = 4; lastKnownFileType = sourcecode.swift; path = PlacesListViewModel.swift; sourceTree = "<group>"; };
		0DF1811E2887442400A0F5D8 /* Place.swift */ = {isa = PBXFileReference; lastKnownFileType = sourcecode.swift; path = Place.swift; sourceTree = "<group>"; };
		0DF1812128874E9F00A0F5D8 /* FoursquareSearchResponse.swift */ = {isa = PBXFileReference; lastKnownFileType = sourcecode.swift; path = FoursquareSearchResponse.swift; sourceTree = "<group>"; };
		0DF1812328874ED500A0F5D8 /* FoursquarePlacesService.swift */ = {isa = PBXFileReference; lastKnownFileType = sourcecode.swift; path = FoursquarePlacesService.swift; sourceTree = "<group>"; };
		0DF181262887E8AA00A0F5D8 /* PlaceListItemView.swift */ = {isa = PBXFileReference; lastKnownFileType = sourcecode.swift; path = PlaceListItemView.swift; sourceTree = "<group>"; };
		6EA7E5BC40AF9DFC3DC09750 /* Pods-Foursquared.debug.xcconfig */ = {isa = PBXFileReference; includeInIndex = 1; lastKnownFileType = text.xcconfig; name = "Pods-Foursquared.debug.xcconfig"; path = "Target Support Files/Pods-Foursquared/Pods-Foursquared.debug.xcconfig"; sourceTree = "<group>"; };
		7BE782715BA3433C140CB8EE /* Pods-FoursquaredTests.release.xcconfig */ = {isa = PBXFileReference; includeInIndex = 1; lastKnownFileType = text.xcconfig; name = "Pods-FoursquaredTests.release.xcconfig"; path = "Target Support Files/Pods-FoursquaredTests/Pods-FoursquaredTests.release.xcconfig"; sourceTree = "<group>"; };
		94368030C0E6B425A8DEB342 /* Pods_Foursquared.framework */ = {isa = PBXFileReference; explicitFileType = wrapper.framework; includeInIndex = 0; path = Pods_Foursquared.framework; sourceTree = BUILT_PRODUCTS_DIR; };
		B8D4571C6F3D09AE247209F6 /* Pods-Foursquared.release.xcconfig */ = {isa = PBXFileReference; includeInIndex = 1; lastKnownFileType = text.xcconfig; name = "Pods-Foursquared.release.xcconfig"; path = "Target Support Files/Pods-Foursquared/Pods-Foursquared.release.xcconfig"; sourceTree = "<group>"; };
		C81D6EEC6EC246668B6C7BFF /* Pods-FoursquaredTests.debug.xcconfig */ = {isa = PBXFileReference; includeInIndex = 1; lastKnownFileType = text.xcconfig; name = "Pods-FoursquaredTests.debug.xcconfig"; path = "Target Support Files/Pods-FoursquaredTests/Pods-FoursquaredTests.debug.xcconfig"; sourceTree = "<group>"; };
/* End PBXFileReference section */

/* Begin PBXFrameworksBuildPhase section */
		0DCC0927288C6AA900789103 /* Frameworks */ = {
			isa = PBXFrameworksBuildPhase;
			buildActionMask = 2147483647;
			files = (
				2DF1BFDE6E722542AE004BD1 /* Pods_FoursquaredTests.framework in Frameworks */,
			);
			runOnlyForDeploymentPostprocessing = 0;
		};
		0DF180FD28873F6800A0F5D8 /* Frameworks */ = {
			isa = PBXFrameworksBuildPhase;
			buildActionMask = 2147483647;
			files = (
				2215FB5D790E5C96D9FDA310 /* Pods_Foursquared.framework in Frameworks */,
			);
			runOnlyForDeploymentPostprocessing = 0;
		};
/* End PBXFrameworksBuildPhase section */

/* Begin PBXGroup section */
		0DCC0922288C656000789103 /* API */ = {
			isa = PBXGroup;
			children = (
				0DF18118288743D000A0F5D8 /* PlacesService.swift */,
				0DCC0924288C659C00789103 /* FoursquaredSessionProtocol.swift */,
			);
			path = API;
			sourceTree = "<group>";
		};
		0DCC092B288C6AA900789103 /* FoursquaredTests */ = {
			isa = PBXGroup;
			children = (
				0DECECDC288D6D4500443FB8 /* Foursquare */,
				0DECECDA288D6BE400443FB8 /* GeneratedMocks.swift */,
				0DCC0936288C6D2600789103 /* ViewModels */,
			);
			path = FoursquaredTests;
			sourceTree = "<group>";
		};
		0DCC0936288C6D2600789103 /* ViewModels */ = {
			isa = PBXGroup;
			children = (
				0DCC0937288C6D3400789103 /* PlaceDetailsViewModelTests.swift */,
			);
			path = ViewModels;
			sourceTree = "<group>";
		};
		0DCDD47A288C4A9500A06684 /* Utils */ = {
			isa = PBXGroup;
			children = (
				0DCDD47B288C4A9F00A06684 /* Constants.swift */,
			);
			path = Utils;
			sourceTree = "<group>";
		};
		0DCDD47D288C529800A06684 /* Extensions */ = {
			isa = PBXGroup;
			children = (
				0DCDD47E288C52AC00A06684 /* UIColor+hexString.swift */,
			);
			path = Extensions;
			sourceTree = "<group>";
		};
		0DECECDC288D6D4500443FB8 /* Foursquare */ = {
			isa = PBXGroup;
			children = (
				0DECECDD288D6D5C00443FB8 /* FoursquarePlacesServiceTests.swift */,
			);
			path = Foursquare;
			sourceTree = "<group>";
		};
		0DF180F728873F6800A0F5D8 = {
			isa = PBXGroup;
			children = (
				0DF1810228873F6900A0F5D8 /* Foursquared */,
				0DCC092B288C6AA900789103 /* FoursquaredTests */,
				0DF1810128873F6900A0F5D8 /* Products */,
				2B6463F307FB146ECDEA45FD /* Pods */,
				B3D2091BB877D31E7A3D4143 /* Frameworks */,
			);
			sourceTree = "<group>";
		};
		0DF1810128873F6900A0F5D8 /* Products */ = {
			isa = PBXGroup;
			children = (
				0DF1810028873F6900A0F5D8 /* Foursquared.app */,
				0DCC092A288C6AA900789103 /* FoursquaredTests.xctest */,
			);
			name = Products;
			sourceTree = "<group>";
		};
		0DF1810228873F6900A0F5D8 /* Foursquared */ = {
			isa = PBXGroup;
			children = (
				0DCC0922288C656000789103 /* API */,
				0DCDD47D288C529800A06684 /* Extensions */,
				0DCDD47A288C4A9500A06684 /* Utils */,
				0DF181252887E89C00A0F5D8 /* Views */,
				0DF1812028874E5E00A0F5D8 /* Foursquare */,
				0DF1811D2887441D00A0F5D8 /* Models */,
				0DF18119288743D000A0F5D8 /* ViewModels */,
				0DF1810328873F6900A0F5D8 /* FoursquaredApp.swift */,
				0DF1810728873F6A00A0F5D8 /* Assets.xcassets */,
				0DF1810928873F6A00A0F5D8 /* Preview Content */,
			);
			path = Foursquared;
			sourceTree = "<group>";
		};
		0DF1810928873F6A00A0F5D8 /* Preview Content */ = {
			isa = PBXGroup;
			children = (
				0DF1810A28873F6A00A0F5D8 /* Preview Assets.xcassets */,
			);
			path = "Preview Content";
			sourceTree = "<group>";
		};
		0DF18119288743D000A0F5D8 /* ViewModels */ = {
			isa = PBXGroup;
			children = (
				0DF1811A288743D000A0F5D8 /* PlacesListViewModel.swift */,
				0D68739B288B352A0026C410 /* PlaceDetailsViewModel.swift */,
			);
			path = ViewModels;
			sourceTree = "<group>";
		};
		0DF1811D2887441D00A0F5D8 /* Models */ = {
			isa = PBXGroup;
			children = (
				0DF1811E2887442400A0F5D8 /* Place.swift */,
				0D68739F288B46A00026C410 /* PlaceDetail.swift */,
			);
			path = Models;
			sourceTree = "<group>";
		};
		0DF1812028874E5E00A0F5D8 /* Foursquare */ = {
			isa = PBXGroup;
			children = (
				0DF1812128874E9F00A0F5D8 /* FoursquareSearchResponse.swift */,
				0DF1812328874ED500A0F5D8 /* FoursquarePlacesService.swift */,
				0D68739D288B3A000026C410 /* FoursquareDetailResponse.swift */,
			);
			path = Foursquare;
			sourceTree = "<group>";
		};
		0DF181252887E89C00A0F5D8 /* Views */ = {
			isa = PBXGroup;
			children = (
				0DF1810528873F6900A0F5D8 /* PlacesListView.swift */,
				0DF181262887E8AA00A0F5D8 /* PlaceListItemView.swift */,
				0D687399288B27A60026C410 /* PlaceDetailView.swift */,
			);
			path = Views;
			sourceTree = "<group>";
		};
		2B6463F307FB146ECDEA45FD /* Pods */ = {
			isa = PBXGroup;
			children = (
				6EA7E5BC40AF9DFC3DC09750 /* Pods-Foursquared.debug.xcconfig */,
				B8D4571C6F3D09AE247209F6 /* Pods-Foursquared.release.xcconfig */,
				C81D6EEC6EC246668B6C7BFF /* Pods-FoursquaredTests.debug.xcconfig */,
				7BE782715BA3433C140CB8EE /* Pods-FoursquaredTests.release.xcconfig */,
			);
			path = Pods;
			sourceTree = "<group>";
		};
		B3D2091BB877D31E7A3D4143 /* Frameworks */ = {
			isa = PBXGroup;
			children = (
				94368030C0E6B425A8DEB342 /* Pods_Foursquared.framework */,
				017AC502F070E13A7498B3ED /* Pods_FoursquaredTests.framework */,
			);
			name = Frameworks;
			sourceTree = "<group>";
		};
/* End PBXGroup section */

/* Begin PBXNativeTarget section */
		0DCC0929288C6AA900789103 /* FoursquaredTests */ = {
			isa = PBXNativeTarget;
			buildConfigurationList = 0DCC0930288C6AA900789103 /* Build configuration list for PBXNativeTarget "FoursquaredTests" */;
			buildPhases = (
				07396D3FA2C4B82328729B96 /* [CP] Check Pods Manifest.lock */,
				0DECECD9288D6B4200443FB8 /* Cuckoo Mocks */,
				0DCC0926288C6AA900789103 /* Sources */,
				0DCC0927288C6AA900789103 /* Frameworks */,
				0DCC0928288C6AA900789103 /* Resources */,
			);
			buildRules = (
			);
			dependencies = (
				0DCC092F288C6AA900789103 /* PBXTargetDependency */,
			);
			name = FoursquaredTests;
			productName = FoursquaredTests;
			productReference = 0DCC092A288C6AA900789103 /* FoursquaredTests.xctest */;
			productType = "com.apple.product-type.bundle.unit-test";
		};
		0DF180FF28873F6800A0F5D8 /* Foursquared */ = {
			isa = PBXNativeTarget;
			buildConfigurationList = 0DF1810E28873F6A00A0F5D8 /* Build configuration list for PBXNativeTarget "Foursquared" */;
			buildPhases = (
				13CF65B1253635D8566C4726 /* [CP] Check Pods Manifest.lock */,
				0DF180FC28873F6800A0F5D8 /* Sources */,
				0DF180FD28873F6800A0F5D8 /* Frameworks */,
				0DF180FE28873F6800A0F5D8 /* Resources */,
				AAD1DDB2750084A83D5C8FD8 /* [CP] Embed Pods Frameworks */,
			);
			buildRules = (
			);
			dependencies = (
			);
			name = Foursquared;
			productName = Foursquared;
			productReference = 0DF1810028873F6900A0F5D8 /* Foursquared.app */;
			productType = "com.apple.product-type.application";
		};
/* End PBXNativeTarget section */

/* Begin PBXProject section */
		0DF180F828873F6800A0F5D8 /* Project object */ = {
			isa = PBXProject;
			attributes = {
				BuildIndependentTargetsInParallel = 1;
				LastSwiftUpdateCheck = 1340;
				LastUpgradeCheck = 1340;
				TargetAttributes = {
					0DCC0929288C6AA900789103 = {
						CreatedOnToolsVersion = 13.4.1;
						TestTargetID = 0DF180FF28873F6800A0F5D8;
					};
					0DF180FF28873F6800A0F5D8 = {
						CreatedOnToolsVersion = 13.4.1;
					};
				};
			};
			buildConfigurationList = 0DF180FB28873F6800A0F5D8 /* Build configuration list for PBXProject "Foursquared" */;
			compatibilityVersion = "Xcode 13.0";
			developmentRegion = en;
			hasScannedForEncodings = 0;
			knownRegions = (
				en,
				Base,
			);
			mainGroup = 0DF180F728873F6800A0F5D8;
			productRefGroup = 0DF1810128873F6900A0F5D8 /* Products */;
			projectDirPath = "";
			projectRoot = "";
			targets = (
				0DF180FF28873F6800A0F5D8 /* Foursquared */,
				0DCC0929288C6AA900789103 /* FoursquaredTests */,
			);
		};
/* End PBXProject section */

/* Begin PBXResourcesBuildPhase section */
		0DCC0928288C6AA900789103 /* Resources */ = {
			isa = PBXResourcesBuildPhase;
			buildActionMask = 2147483647;
			files = (
			);
			runOnlyForDeploymentPostprocessing = 0;
		};
		0DF180FE28873F6800A0F5D8 /* Resources */ = {
			isa = PBXResourcesBuildPhase;
			buildActionMask = 2147483647;
			files = (
				0DF1810B28873F6A00A0F5D8 /* Preview Assets.xcassets in Resources */,
				0DF1810828873F6A00A0F5D8 /* Assets.xcassets in Resources */,
			);
			runOnlyForDeploymentPostprocessing = 0;
		};
/* End PBXResourcesBuildPhase section */

/* Begin PBXShellScriptBuildPhase section */
		07396D3FA2C4B82328729B96 /* [CP] Check Pods Manifest.lock */ = {
			isa = PBXShellScriptBuildPhase;
			buildActionMask = 2147483647;
			files = (
			);
			inputFileListPaths = (
			);
			inputPaths = (
				"${PODS_PODFILE_DIR_PATH}/Podfile.lock",
				"${PODS_ROOT}/Manifest.lock",
			);
			name = "[CP] Check Pods Manifest.lock";
			outputFileListPaths = (
			);
			outputPaths = (
				"$(DERIVED_FILE_DIR)/Pods-FoursquaredTests-checkManifestLockResult.txt",
			);
			runOnlyForDeploymentPostprocessing = 0;
			shellPath = /bin/sh;
			shellScript = "diff \"${PODS_PODFILE_DIR_PATH}/Podfile.lock\" \"${PODS_ROOT}/Manifest.lock\" > /dev/null\nif [ $? != 0 ] ; then\n    # print error to STDERR\n    echo \"error: The sandbox is not in sync with the Podfile.lock. Run 'pod install' or update your CocoaPods installation.\" >&2\n    exit 1\nfi\n# This output is used by Xcode 'outputs' to avoid re-running this script phase.\necho \"SUCCESS\" > \"${SCRIPT_OUTPUT_FILE_0}\"\n";
			showEnvVarsInLog = 0;
		};
		0DECECD9288D6B4200443FB8 /* Cuckoo Mocks */ = {
			isa = PBXShellScriptBuildPhase;
			buildActionMask = 2147483647;
			files = (
			);
			inputFileListPaths = (
			);
			inputPaths = (
			);
			name = "Cuckoo Mocks";
			outputFileListPaths = (
			);
			outputPaths = (
			);
			runOnlyForDeploymentPostprocessing = 0;
			shellPath = /bin/sh;
			shellScript = "# Type a script or drag a script file from your workspace to insert its path.\n# Type a script or drag a script file from your workspace to insert its path.\nif [ $ACTION == \"indexbuild\" ]; then\n  echo \"Not running Cuckoo generator during indexing.\"\n  exit 0 \nfi\n\n# Skip for preview builds\nif [ \"${ENABLE_PREVIEWS}\" = \"YES\" ]; then\n  echo \"Not running Cuckoo generator during preview builds.\"\n  exit 0\nfi\n\n# Define output file. Change \"${PROJECT_DIR}/${PROJECT_NAME}Tests\" to your test's root source folder, if it's not the default name.\nOUTPUT_FILE=\"${PROJECT_DIR}/${PROJECT_NAME}Tests/GeneratedMocks.swift\"\necho \"Generated Mocks File = ${OUTPUT_FILE}\"\n\n# Define input directory. Change \"${PROJECT_DIR}/${PROJECT_NAME}\" to your project's root source folder, if it's not the default name.\nINPUT_DIR=\"${PROJECT_DIR}/${PROJECT_NAME}\"\necho \"Mocks Input Directory = ${INPUT_DIR}\"\n\n# Generate mock files, include as many input files as you'd like to create mocks for.\n\"${PODS_ROOT}/Cuckoo/run\" generate --testable \"${PROJECT_NAME}\" \\\n--output \"${OUTPUT_FILE}\" \\\n\"${INPUT_DIR}/API/PlacesService.swift\" \\\n\"${INPUT_DIR}/API/FoursquaredSessionProtocol.swift\"\n";
		};
		13CF65B1253635D8566C4726 /* [CP] Check Pods Manifest.lock */ = {
			isa = PBXShellScriptBuildPhase;
			buildActionMask = 2147483647;
			files = (
			);
			inputFileListPaths = (
			);
			inputPaths = (
				"${PODS_PODFILE_DIR_PATH}/Podfile.lock",
				"${PODS_ROOT}/Manifest.lock",
			);
			name = "[CP] Check Pods Manifest.lock";
			outputFileListPaths = (
			);
			outputPaths = (
				"$(DERIVED_FILE_DIR)/Pods-Foursquared-checkManifestLockResult.txt",
			);
			runOnlyForDeploymentPostprocessing = 0;
			shellPath = /bin/sh;
			shellScript = "diff \"${PODS_PODFILE_DIR_PATH}/Podfile.lock\" \"${PODS_ROOT}/Manifest.lock\" > /dev/null\nif [ $? != 0 ] ; then\n    # print error to STDERR\n    echo \"error: The sandbox is not in sync with the Podfile.lock. Run 'pod install' or update your CocoaPods installation.\" >&2\n    exit 1\nfi\n# This output is used by Xcode 'outputs' to avoid re-running this script phase.\necho \"SUCCESS\" > \"${SCRIPT_OUTPUT_FILE_0}\"\n";
			showEnvVarsInLog = 0;
		};
		AAD1DDB2750084A83D5C8FD8 /* [CP] Embed Pods Frameworks */ = {
			isa = PBXShellScriptBuildPhase;
			buildActionMask = 2147483647;
			files = (
			);
			inputFileListPaths = (
				"${PODS_ROOT}/Target Support Files/Pods-Foursquared/Pods-Foursquared-frameworks-${CONFIGURATION}-input-files.xcfilelist",
			);
			name = "[CP] Embed Pods Frameworks";
			outputFileListPaths = (
				"${PODS_ROOT}/Target Support Files/Pods-Foursquared/Pods-Foursquared-frameworks-${CONFIGURATION}-output-files.xcfilelist",
			);
			runOnlyForDeploymentPostprocessing = 0;
			shellPath = /bin/sh;
			shellScript = "\"${PODS_ROOT}/Target Support Files/Pods-Foursquared/Pods-Foursquared-frameworks.sh\"\n";
			showEnvVarsInLog = 0;
		};
/* End PBXShellScriptBuildPhase section */

/* Begin PBXSourcesBuildPhase section */
		0DCC0926288C6AA900789103 /* Sources */ = {
			isa = PBXSourcesBuildPhase;
			buildActionMask = 2147483647;
			files = (
				0DCC093E288C6F9C00789103 /* UIColor+hexString.swift in Sources */,
				0DCC093B288C6DBF00789103 /* PlacesService.swift in Sources */,
				0DECECDE288D6D5D00443FB8 /* FoursquarePlacesServiceTests.swift in Sources */,
				0DCC0935288C6B7300789103 /* FoursquarePlacesService.swift in Sources */,
				0DCC0939288C6D5D00789103 /* PlaceDetailsViewModel.swift in Sources */,
				0DCC0945288C6FB400789103 /* PlacesListViewModel.swift in Sources */,
				0DCC093A288C6D7400789103 /* Place.swift in Sources */,
				0DCC0943288C6FAA00789103 /* FoursquareSearchResponse.swift in Sources */,
				0DCC093F288C6F9F00789103 /* Constants.swift in Sources */,
				0DCC0944288C6FAE00789103 /* FoursquareDetailResponse.swift in Sources */,
				0DECECDB288D6BE400443FB8 /* GeneratedMocks.swift in Sources */,
				0DCC093D288C6F9500789103 /* FoursquaredSessionProtocol.swift in Sources */,
				0DCC093C288C6F2100789103 /* PlaceDetail.swift in Sources */,
				0DCC0938288C6D3400789103 /* PlaceDetailsViewModelTests.swift in Sources */,
			);
			runOnlyForDeploymentPostprocessing = 0;
		};
		0DF180FC28873F6800A0F5D8 /* Sources */ = {
			isa = PBXSourcesBuildPhase;
			buildActionMask = 2147483647;
			files = (
				0D6873A0288B46A00026C410 /* PlaceDetail.swift in Sources */,
				0DF1811C288743D000A0F5D8 /* PlacesListViewModel.swift in Sources */,
				0DCDD47F288C52AC00A06684 /* UIColor+hexString.swift in Sources */,
				0DF1811B288743D000A0F5D8 /* PlacesService.swift in Sources */,
				0D68739C288B352A0026C410 /* PlaceDetailsViewModel.swift in Sources */,
				0DF181272887E8AA00A0F5D8 /* PlaceListItemView.swift in Sources */,
				0D68739A288B27A60026C410 /* PlaceDetailView.swift in Sources */,
				0DF1812228874E9F00A0F5D8 /* FoursquareSearchResponse.swift in Sources */,
				0DCDD47C288C4A9F00A06684 /* Constants.swift in Sources */,
				0DF1812428874ED500A0F5D8 /* FoursquarePlacesService.swift in Sources */,
				0DF1810628873F6900A0F5D8 /* PlacesListView.swift in Sources */,
				0DCC0925288C659C00789103 /* FoursquaredSessionProtocol.swift in Sources */,
				0D68739E288B3A000026C410 /* FoursquareDetailResponse.swift in Sources */,
				0DF1810428873F6900A0F5D8 /* FoursquaredApp.swift in Sources */,
				0DF1811F2887442400A0F5D8 /* Place.swift in Sources */,
			);
			runOnlyForDeploymentPostprocessing = 0;
		};
/* End PBXSourcesBuildPhase section */

/* Begin PBXTargetDependency section */
		0DCC092F288C6AA900789103 /* PBXTargetDependency */ = {
			isa = PBXTargetDependency;
			target = 0DF180FF28873F6800A0F5D8 /* Foursquared */;
			targetProxy = 0DCC092E288C6AA900789103 /* PBXContainerItemProxy */;
		};
/* End PBXTargetDependency section */

/* Begin XCBuildConfiguration section */
		0DCC0931288C6AA900789103 /* Debug */ = {
			isa = XCBuildConfiguration;
			baseConfigurationReference = C81D6EEC6EC246668B6C7BFF /* Pods-FoursquaredTests.debug.xcconfig */;
			buildSettings = {
				BUNDLE_LOADER = "$(TEST_HOST)";
				CODE_SIGN_STYLE = Automatic;
				CURRENT_PROJECT_VERSION = 1;
				DEVELOPMENT_TEAM = N9DA3D479M;
				GENERATE_INFOPLIST_FILE = YES;
				MARKETING_VERSION = 1.0;
				PRODUCT_BUNDLE_IDENTIFIER = com.dacosta.foursquared.FoursquaredTests;
				PRODUCT_NAME = "$(TARGET_NAME)";
				SWIFT_EMIT_LOC_STRINGS = NO;
				SWIFT_VERSION = 5.0;
				TARGETED_DEVICE_FAMILY = "1,2";
				TEST_HOST = "$(BUILT_PRODUCTS_DIR)/Foursquared.app/Foursquared";
			};
			name = Debug;
		};
		0DCC0932288C6AA900789103 /* Release */ = {
			isa = XCBuildConfiguration;
			baseConfigurationReference = 7BE782715BA3433C140CB8EE /* Pods-FoursquaredTests.release.xcconfig */;
			buildSettings = {
				BUNDLE_LOADER = "$(TEST_HOST)";
				CODE_SIGN_STYLE = Automatic;
				CURRENT_PROJECT_VERSION = 1;
				DEVELOPMENT_TEAM = N9DA3D479M;
				GENERATE_INFOPLIST_FILE = YES;
				MARKETING_VERSION = 1.0;
				PRODUCT_BUNDLE_IDENTIFIER = com.dacosta.foursquared.FoursquaredTests;
				PRODUCT_NAME = "$(TARGET_NAME)";
				SWIFT_EMIT_LOC_STRINGS = NO;
				SWIFT_VERSION = 5.0;
				TARGETED_DEVICE_FAMILY = "1,2";
				TEST_HOST = "$(BUILT_PRODUCTS_DIR)/Foursquared.app/Foursquared";
			};
			name = Release;
		};
		0DF1810C28873F6A00A0F5D8 /* Debug */ = {
			isa = XCBuildConfiguration;
			buildSettings = {
				ALWAYS_SEARCH_USER_PATHS = NO;
				CLANG_ANALYZER_NONNULL = YES;
				CLANG_ANALYZER_NUMBER_OBJECT_CONVERSION = YES_AGGRESSIVE;
				CLANG_CXX_LANGUAGE_STANDARD = "gnu++17";
				CLANG_ENABLE_MODULES = YES;
				CLANG_ENABLE_OBJC_ARC = YES;
				CLANG_ENABLE_OBJC_WEAK = YES;
				CLANG_WARN_BLOCK_CAPTURE_AUTORELEASING = YES;
				CLANG_WARN_BOOL_CONVERSION = YES;
				CLANG_WARN_COMMA = YES;
				CLANG_WARN_CONSTANT_CONVERSION = YES;
				CLANG_WARN_DEPRECATED_OBJC_IMPLEMENTATIONS = YES;
				CLANG_WARN_DIRECT_OBJC_ISA_USAGE = YES_ERROR;
				CLANG_WARN_DOCUMENTATION_COMMENTS = YES;
				CLANG_WARN_EMPTY_BODY = YES;
				CLANG_WARN_ENUM_CONVERSION = YES;
				CLANG_WARN_INFINITE_RECURSION = YES;
				CLANG_WARN_INT_CONVERSION = YES;
				CLANG_WARN_NON_LITERAL_NULL_CONVERSION = YES;
				CLANG_WARN_OBJC_IMPLICIT_RETAIN_SELF = YES;
				CLANG_WARN_OBJC_LITERAL_CONVERSION = YES;
				CLANG_WARN_OBJC_ROOT_CLASS = YES_ERROR;
				CLANG_WARN_QUOTED_INCLUDE_IN_FRAMEWORK_HEADER = YES;
				CLANG_WARN_RANGE_LOOP_ANALYSIS = YES;
				CLANG_WARN_STRICT_PROTOTYPES = YES;
				CLANG_WARN_SUSPICIOUS_MOVE = YES;
				CLANG_WARN_UNGUARDED_AVAILABILITY = YES_AGGRESSIVE;
				CLANG_WARN_UNREACHABLE_CODE = YES;
				CLANG_WARN__DUPLICATE_METHOD_MATCH = YES;
				COPY_PHASE_STRIP = NO;
				DEBUG_INFORMATION_FORMAT = dwarf;
				ENABLE_STRICT_OBJC_MSGSEND = YES;
				ENABLE_TESTABILITY = YES;
				GCC_C_LANGUAGE_STANDARD = gnu11;
				GCC_DYNAMIC_NO_PIC = NO;
				GCC_NO_COMMON_BLOCKS = YES;
				GCC_OPTIMIZATION_LEVEL = 0;
				GCC_PREPROCESSOR_DEFINITIONS = (
					"DEBUG=1",
					"$(inherited)",
				);
				GCC_WARN_64_TO_32_BIT_CONVERSION = YES;
				GCC_WARN_ABOUT_RETURN_TYPE = YES_ERROR;
				GCC_WARN_UNDECLARED_SELECTOR = YES;
				GCC_WARN_UNINITIALIZED_AUTOS = YES_AGGRESSIVE;
				GCC_WARN_UNUSED_FUNCTION = YES;
				GCC_WARN_UNUSED_VARIABLE = YES;
				IPHONEOS_DEPLOYMENT_TARGET = 15.5;
				MTL_ENABLE_DEBUG_INFO = INCLUDE_SOURCE;
				MTL_FAST_MATH = YES;
				ONLY_ACTIVE_ARCH = YES;
				SDKROOT = iphoneos;
				SWIFT_ACTIVE_COMPILATION_CONDITIONS = DEBUG;
				SWIFT_OPTIMIZATION_LEVEL = "-Onone";
			};
			name = Debug;
		};
		0DF1810D28873F6A00A0F5D8 /* Release */ = {
			isa = XCBuildConfiguration;
			buildSettings = {
				ALWAYS_SEARCH_USER_PATHS = NO;
				CLANG_ANALYZER_NONNULL = YES;
				CLANG_ANALYZER_NUMBER_OBJECT_CONVERSION = YES_AGGRESSIVE;
				CLANG_CXX_LANGUAGE_STANDARD = "gnu++17";
				CLANG_ENABLE_MODULES = YES;
				CLANG_ENABLE_OBJC_ARC = YES;
				CLANG_ENABLE_OBJC_WEAK = YES;
				CLANG_WARN_BLOCK_CAPTURE_AUTORELEASING = YES;
				CLANG_WARN_BOOL_CONVERSION = YES;
				CLANG_WARN_COMMA = YES;
				CLANG_WARN_CONSTANT_CONVERSION = YES;
				CLANG_WARN_DEPRECATED_OBJC_IMPLEMENTATIONS = YES;
				CLANG_WARN_DIRECT_OBJC_ISA_USAGE = YES_ERROR;
				CLANG_WARN_DOCUMENTATION_COMMENTS = YES;
				CLANG_WARN_EMPTY_BODY = YES;
				CLANG_WARN_ENUM_CONVERSION = YES;
				CLANG_WARN_INFINITE_RECURSION = YES;
				CLANG_WARN_INT_CONVERSION = YES;
				CLANG_WARN_NON_LITERAL_NULL_CONVERSION = YES;
				CLANG_WARN_OBJC_IMPLICIT_RETAIN_SELF = YES;
				CLANG_WARN_OBJC_LITERAL_CONVERSION = YES;
				CLANG_WARN_OBJC_ROOT_CLASS = YES_ERROR;
				CLANG_WARN_QUOTED_INCLUDE_IN_FRAMEWORK_HEADER = YES;
				CLANG_WARN_RANGE_LOOP_ANALYSIS = YES;
				CLANG_WARN_STRICT_PROTOTYPES = YES;
				CLANG_WARN_SUSPICIOUS_MOVE = YES;
				CLANG_WARN_UNGUARDED_AVAILABILITY = YES_AGGRESSIVE;
				CLANG_WARN_UNREACHABLE_CODE = YES;
				CLANG_WARN__DUPLICATE_METHOD_MATCH = YES;
				COPY_PHASE_STRIP = NO;
				DEBUG_INFORMATION_FORMAT = "dwarf-with-dsym";
				ENABLE_NS_ASSERTIONS = NO;
				ENABLE_STRICT_OBJC_MSGSEND = YES;
				GCC_C_LANGUAGE_STANDARD = gnu11;
				GCC_NO_COMMON_BLOCKS = YES;
				GCC_WARN_64_TO_32_BIT_CONVERSION = YES;
				GCC_WARN_ABOUT_RETURN_TYPE = YES_ERROR;
				GCC_WARN_UNDECLARED_SELECTOR = YES;
				GCC_WARN_UNINITIALIZED_AUTOS = YES_AGGRESSIVE;
				GCC_WARN_UNUSED_FUNCTION = YES;
				GCC_WARN_UNUSED_VARIABLE = YES;
				IPHONEOS_DEPLOYMENT_TARGET = 15.5;
				MTL_ENABLE_DEBUG_INFO = NO;
				MTL_FAST_MATH = YES;
				SDKROOT = iphoneos;
				SWIFT_COMPILATION_MODE = wholemodule;
				SWIFT_OPTIMIZATION_LEVEL = "-O";
				VALIDATE_PRODUCT = YES;
			};
			name = Release;
		};
		0DF1810F28873F6A00A0F5D8 /* Debug */ = {
			isa = XCBuildConfiguration;
			baseConfigurationReference = 6EA7E5BC40AF9DFC3DC09750 /* Pods-Foursquared.debug.xcconfig */;
			buildSettings = {
				ASSETCATALOG_COMPILER_APPICON_NAME = AppIcon;
				ASSETCATALOG_COMPILER_GLOBAL_ACCENT_COLOR_NAME = AccentColor;
				CODE_SIGN_STYLE = Automatic;
				CURRENT_PROJECT_VERSION = 1;
				DEVELOPMENT_ASSET_PATHS = "\"Foursquared/Preview Content\"";
				DEVELOPMENT_TEAM = N9DA3D479M;
				ENABLE_PREVIEWS = YES;
				GENERATE_INFOPLIST_FILE = YES;
				INFOPLIST_KEY_NSLocationWhenInUseUsageDescription = "Needed to get places near you";
				INFOPLIST_KEY_UIApplicationSceneManifest_Generation = YES;
				INFOPLIST_KEY_UIApplicationSupportsIndirectInputEvents = YES;
				INFOPLIST_KEY_UILaunchScreen_Generation = YES;
				INFOPLIST_KEY_UISupportedInterfaceOrientations_iPad = "UIInterfaceOrientationPortrait UIInterfaceOrientationPortraitUpsideDown UIInterfaceOrientationLandscapeLeft UIInterfaceOrientationLandscapeRight";
				INFOPLIST_KEY_UISupportedInterfaceOrientations_iPhone = "UIInterfaceOrientationPortrait UIInterfaceOrientationLandscapeLeft UIInterfaceOrientationLandscapeRight";
				LD_RUNPATH_SEARCH_PATHS = (
					"$(inherited)",
					"@executable_path/Frameworks",
				);
				MARKETING_VERSION = 1.0;
				PRODUCT_BUNDLE_IDENTIFIER = com.dacosta.foursquared.Foursquared;
				PRODUCT_NAME = "$(TARGET_NAME)";
				SWIFT_EMIT_LOC_STRINGS = YES;
				SWIFT_VERSION = 5.0;
				TARGETED_DEVICE_FAMILY = "1,2";
			};
			name = Debug;
		};
		0DF1811028873F6A00A0F5D8 /* Release */ = {
			isa = XCBuildConfiguration;
			baseConfigurationReference = B8D4571C6F3D09AE247209F6 /* Pods-Foursquared.release.xcconfig */;
			buildSettings = {
				ASSETCATALOG_COMPILER_APPICON_NAME = AppIcon;
				ASSETCATALOG_COMPILER_GLOBAL_ACCENT_COLOR_NAME = AccentColor;
				CODE_SIGN_STYLE = Automatic;
				CURRENT_PROJECT_VERSION = 1;
				DEVELOPMENT_ASSET_PATHS = "\"Foursquared/Preview Content\"";
				DEVELOPMENT_TEAM = N9DA3D479M;
				ENABLE_PREVIEWS = YES;
				GENERATE_INFOPLIST_FILE = YES;
				INFOPLIST_KEY_NSLocationWhenInUseUsageDescription = "Needed to get places near you";
				INFOPLIST_KEY_UIApplicationSceneManifest_Generation = YES;
				INFOPLIST_KEY_UIApplicationSupportsIndirectInputEvents = YES;
				INFOPLIST_KEY_UILaunchScreen_Generation = YES;
				INFOPLIST_KEY_UISupportedInterfaceOrientations_iPad = "UIInterfaceOrientationPortrait UIInterfaceOrientationPortraitUpsideDown UIInterfaceOrientationLandscapeLeft UIInterfaceOrientationLandscapeRight";
				INFOPLIST_KEY_UISupportedInterfaceOrientations_iPhone = "UIInterfaceOrientationPortrait UIInterfaceOrientationLandscapeLeft UIInterfaceOrientationLandscapeRight";
				LD_RUNPATH_SEARCH_PATHS = (
					"$(inherited)",
					"@executable_path/Frameworks",
				);
				MARKETING_VERSION = 1.0;
				PRODUCT_BUNDLE_IDENTIFIER = com.dacosta.foursquared.Foursquared;
				PRODUCT_NAME = "$(TARGET_NAME)";
				SWIFT_EMIT_LOC_STRINGS = YES;
				SWIFT_VERSION = 5.0;
				TARGETED_DEVICE_FAMILY = "1,2";
			};
			name = Release;
		};
/* End XCBuildConfiguration section */

/* Begin XCConfigurationList section */
		0DCC0930288C6AA900789103 /* Build configuration list for PBXNativeTarget "FoursquaredTests" */ = {
			isa = XCConfigurationList;
			buildConfigurations = (
				0DCC0931288C6AA900789103 /* Debug */,
				0DCC0932288C6AA900789103 /* Release */,
			);
			defaultConfigurationIsVisible = 0;
			defaultConfigurationName = Release;
		};
		0DF180FB28873F6800A0F5D8 /* Build configuration list for PBXProject "Foursquared" */ = {
			isa = XCConfigurationList;
			buildConfigurations = (
				0DF1810C28873F6A00A0F5D8 /* Debug */,
				0DF1810D28873F6A00A0F5D8 /* Release */,
			);
			defaultConfigurationIsVisible = 0;
			defaultConfigurationName = Release;
		};
		0DF1810E28873F6A00A0F5D8 /* Build configuration list for PBXNativeTarget "Foursquared" */ = {
			isa = XCConfigurationList;
			buildConfigurations = (
				0DF1810F28873F6A00A0F5D8 /* Debug */,
				0DF1811028873F6A00A0F5D8 /* Release */,
			);
			defaultConfigurationIsVisible = 0;
			defaultConfigurationName = Release;
		};
/* End XCConfigurationList section */
	};
	rootObject = 0DF180F828873F6800A0F5D8 /* Project object */;
}
